{
    "version": 3,
    "terraform_version": "0.11.11",
    "serial": 4,
    "lineage": "a5f8b077-0a08-bb0c-a1f5-60654a0e524e",
    "modules": [
        {
            "path": [
                "root"
            ],
            "outputs": {
                "workstation_public_ips": {
                    "sensitive": false,
                    "type": "string",
                    "value": "54.212.13.254,54.189.166.160,35.162.159.28"
                }
            },
            "resources": {
                "aws_instance.habitat_workshop.0": {
                    "type": "aws_instance",
                    "depends_on": [
                        "aws_security_group.habitat_supervisor",
                        "aws_security_group.habitat_workshop",
                        "aws_subnet.habitat_workshop_subnet",
                        "data.aws_ami.centos",
                        "random_id.instance_id"
                    ],
                    "primary": {
                        "id": "i-0c62f433e941c5cff",
                        "attributes": {
                            "ami": "ami-036e109f5a4019f46",
                            "arn": "arn:aws:ec2:us-west-2:496323866215:instance/i-0c62f433e941c5cff",
                            "associate_public_ip_address": "true",
                            "availability_zone": "us-west-2a",
                            "cpu_core_count": "1",
                            "cpu_threads_per_core": "2",
                            "disable_api_termination": "false",
                            "ebs_block_device.#": "0",
                            "ebs_optimized": "false",
                            "ephemeral_block_device.#": "0",
                            "get_password_data": "false",
                            "iam_instance_profile": "",
                            "id": "i-0c62f433e941c5cff",
                            "instance_state": "running",
                            "instance_type": "m4.large",
                            "ipv6_address_count": "0",
                            "ipv6_addresses.#": "0",
                            "key_name": "scottford",
                            "monitoring": "false",
                            "network_interface.#": "0",
                            "password_data": "",
                            "placement_group": "",
                            "primary_network_interface_id": "eni-0efdc8e1041aa6dea",
                            "private_dns": "ip-10-0-1-48.us-west-2.compute.internal",
                            "private_ip": "10.0.1.48",
                            "public_dns": "",
                            "public_ip": "54.212.13.254",
                            "root_block_device.#": "1",
                            "root_block_device.0.delete_on_termination": "false",
                            "root_block_device.0.iops": "100",
                            "root_block_device.0.volume_id": "vol-02cbcebb9241931cb",
                            "root_block_device.0.volume_size": "8",
                            "root_block_device.0.volume_type": "gp2",
                            "security_groups.#": "0",
                            "source_dest_check": "true",
                            "subnet_id": "subnet-032a1e344197199f9",
                            "tags.%": "7",
                            "tags.Name": "habitat_workshop_fd9fc5d8",
                            "tags.X-Application": "habitat_workshop",
                            "tags.X-Contact": "sford@chef.io",
                            "tags.X-Customer": "aps",
                            "tags.X-Dept": "sales",
                            "tags.X-Project": "habitat_workshop",
                            "tags.X-TTL": "4",
                            "tenancy": "default",
                            "volume_tags.%": "0",
                            "vpc_security_group_ids.#": "2",
                            "vpc_security_group_ids.1545223953": "sg-0f3c1c3286a434c8a",
                            "vpc_security_group_ids.3398104249": "sg-0b439e1c6b95c6623"
                        },
                        "meta": {
                            "e2bfb730-ecaa-11e6-8f88-34363bc7c4c0": {
                                "create": 600000000000,
                                "delete": 1200000000000,
                                "update": 600000000000
                            },
                            "schema_version": "1"
                        },
                        "tainted": false
                    },
                    "deposed": [],
                    "provider": "provider.aws"
                },
                "aws_instance.habitat_workshop.1": {
                    "type": "aws_instance",
                    "depends_on": [
                        "aws_security_group.habitat_supervisor",
                        "aws_security_group.habitat_workshop",
                        "aws_subnet.habitat_workshop_subnet",
                        "data.aws_ami.centos",
                        "random_id.instance_id"
                    ],
                    "primary": {
                        "id": "i-06fff865dbebe3a71",
                        "attributes": {
                            "ami": "ami-036e109f5a4019f46",
                            "arn": "arn:aws:ec2:us-west-2:496323866215:instance/i-06fff865dbebe3a71",
                            "associate_public_ip_address": "true",
                            "availability_zone": "us-west-2a",
                            "cpu_core_count": "1",
                            "cpu_threads_per_core": "2",
                            "disable_api_termination": "false",
                            "ebs_block_device.#": "0",
                            "ebs_optimized": "false",
                            "ephemeral_block_device.#": "0",
                            "get_password_data": "false",
                            "iam_instance_profile": "",
                            "id": "i-06fff865dbebe3a71",
                            "instance_state": "running",
                            "instance_type": "m4.large",
                            "ipv6_address_count": "0",
                            "ipv6_addresses.#": "0",
                            "key_name": "scottford",
                            "monitoring": "false",
                            "network_interface.#": "0",
                            "password_data": "",
                            "placement_group": "",
                            "primary_network_interface_id": "eni-0a0d6c8e4491d2899",
                            "private_dns": "ip-10-0-1-176.us-west-2.compute.internal",
                            "private_ip": "10.0.1.176",
                            "public_dns": "",
                            "public_ip": "54.189.166.160",
                            "root_block_device.#": "1",
                            "root_block_device.0.delete_on_termination": "false",
                            "root_block_device.0.iops": "100",
                            "root_block_device.0.volume_id": "vol-0a405f2385927df89",
                            "root_block_device.0.volume_size": "8",
                            "root_block_device.0.volume_type": "gp2",
                            "security_groups.#": "0",
                            "source_dest_check": "true",
                            "subnet_id": "subnet-032a1e344197199f9",
                            "tags.%": "7",
                            "tags.Name": "habitat_workshop_fd9fc5d8",
                            "tags.X-Application": "habitat_workshop",
                            "tags.X-Contact": "sford@chef.io",
                            "tags.X-Customer": "aps",
                            "tags.X-Dept": "sales",
                            "tags.X-Project": "habitat_workshop",
                            "tags.X-TTL": "4",
                            "tenancy": "default",
                            "volume_tags.%": "0",
                            "vpc_security_group_ids.#": "2",
                            "vpc_security_group_ids.1545223953": "sg-0f3c1c3286a434c8a",
                            "vpc_security_group_ids.3398104249": "sg-0b439e1c6b95c6623"
                        },
                        "meta": {
                            "e2bfb730-ecaa-11e6-8f88-34363bc7c4c0": {
                                "create": 600000000000,
                                "delete": 1200000000000,
                                "update": 600000000000
                            },
                            "schema_version": "1"
                        },
                        "tainted": false
                    },
                    "deposed": [],
                    "provider": "provider.aws"
                },
                "aws_instance.habitat_workshop.2": {
                    "type": "aws_instance",
                    "depends_on": [
                        "aws_security_group.habitat_supervisor",
                        "aws_security_group.habitat_workshop",
                        "aws_subnet.habitat_workshop_subnet",
                        "data.aws_ami.centos",
                        "random_id.instance_id"
                    ],
                    "primary": {
                        "id": "i-02453052152804dfb",
                        "attributes": {
                            "ami": "ami-036e109f5a4019f46",
                            "arn": "arn:aws:ec2:us-west-2:496323866215:instance/i-02453052152804dfb",
                            "associate_public_ip_address": "true",
                            "availability_zone": "us-west-2a",
                            "cpu_core_count": "1",
                            "cpu_threads_per_core": "2",
                            "disable_api_termination": "false",
                            "ebs_block_device.#": "0",
                            "ebs_optimized": "false",
                            "ephemeral_block_device.#": "0",
                            "get_password_data": "false",
                            "iam_instance_profile": "",
                            "id": "i-02453052152804dfb",
                            "instance_state": "running",
                            "instance_type": "m4.large",
                            "ipv6_address_count": "0",
                            "ipv6_addresses.#": "0",
                            "key_name": "scottford",
                            "monitoring": "false",
                            "network_interface.#": "0",
                            "password_data": "",
                            "placement_group": "",
                            "primary_network_interface_id": "eni-0b12bb099e808f2d6",
                            "private_dns": "ip-10-0-1-170.us-west-2.compute.internal",
                            "private_ip": "10.0.1.170",
                            "public_dns": "",
                            "public_ip": "35.162.159.28",
                            "root_block_device.#": "1",
                            "root_block_device.0.delete_on_termination": "false",
                            "root_block_device.0.iops": "100",
                            "root_block_device.0.volume_id": "vol-036bfd5899eb5336c",
                            "root_block_device.0.volume_size": "8",
                            "root_block_device.0.volume_type": "gp2",
                            "security_groups.#": "0",
                            "source_dest_check": "true",
                            "subnet_id": "subnet-032a1e344197199f9",
                            "tags.%": "7",
                            "tags.Name": "habitat_workshop_fd9fc5d8",
                            "tags.X-Application": "habitat_workshop",
                            "tags.X-Contact": "sford@chef.io",
                            "tags.X-Customer": "aps",
                            "tags.X-Dept": "sales",
                            "tags.X-Project": "habitat_workshop",
                            "tags.X-TTL": "4",
                            "tenancy": "default",
                            "volume_tags.%": "0",
                            "vpc_security_group_ids.#": "2",
                            "vpc_security_group_ids.1545223953": "sg-0f3c1c3286a434c8a",
                            "vpc_security_group_ids.3398104249": "sg-0b439e1c6b95c6623"
                        },
                        "meta": {
                            "e2bfb730-ecaa-11e6-8f88-34363bc7c4c0": {
                                "create": 600000000000,
                                "delete": 1200000000000,
                                "update": 600000000000
                            },
                            "schema_version": "1"
                        },
                        "tainted": false
                    },
                    "deposed": [],
                    "provider": "provider.aws"
                },
                "aws_internet_gateway.habitat_workshop_gateway": {
                    "type": "aws_internet_gateway",
                    "depends_on": [
                        "aws_vpc.habitat_workshop_vpc"
                    ],
                    "primary": {
                        "id": "igw-0e6168fc6186ddeaa",
                        "attributes": {
                            "id": "igw-0e6168fc6186ddeaa",
                            "owner_id": "496323866215",
                            "tags.%": "1",
                            "tags.Name": "scottford_habitat_workshop_gateway-habitat_workshop",
                            "vpc_id": "vpc-00f51263705df0dbb"
                        },
                        "meta": {},
                        "tainted": false
                    },
                    "deposed": [],
                    "provider": "provider.aws"
                },
                "aws_route.habitat_workshop_internet_access": {
                    "type": "aws_route",
                    "depends_on": [
                        "aws_internet_gateway.habitat_workshop_gateway",
                        "aws_vpc.habitat_workshop_vpc"
                    ],
                    "primary": {
                        "id": "r-rtb-07b92a5451772c57c1080289494",
                        "attributes": {
                            "destination_cidr_block": "0.0.0.0/0",
                            "destination_prefix_list_id": "",
                            "egress_only_gateway_id": "",
                            "gateway_id": "igw-0e6168fc6186ddeaa",
                            "id": "r-rtb-07b92a5451772c57c1080289494",
                            "instance_id": "",
                            "instance_owner_id": "",
                            "nat_gateway_id": "",
                            "network_interface_id": "",
                            "origin": "CreateRoute",
                            "route_table_id": "rtb-07b92a5451772c57c",
                            "state": "active",
                            "transit_gateway_id": "",
                            "vpc_peering_connection_id": ""
                        },
                        "meta": {
                            "e2bfb730-ecaa-11e6-8f88-34363bc7c4c0": {
                                "create": 120000000000,
                                "delete": 300000000000
                            }
                        },
                        "tainted": false
                    },
                    "deposed": [],
                    "provider": "provider.aws"
                },
                "aws_security_group.habitat_supervisor": {
                    "type": "aws_security_group",
                    "depends_on": [
                        "aws_vpc.habitat_workshop_vpc",
                        "random_id.instance_id"
                    ],
                    "primary": {
                        "id": "sg-0b439e1c6b95c6623",
                        "attributes": {
                            "arn": "arn:aws:ec2:us-west-2:496323866215:security-group/sg-0b439e1c6b95c6623",
                            "description": "SG rules to allow Habitat supervisor to communicate privately",
                            "egress.#": "0",
                            "id": "sg-0b439e1c6b95c6623",
                            "ingress.#": "6",
                            "ingress.1121567195.cidr_blocks.#": "0",
                            "ingress.1121567195.description": "",
                            "ingress.1121567195.from_port": "9638",
                            "ingress.1121567195.ipv6_cidr_blocks.#": "0",
                            "ingress.1121567195.prefix_list_ids.#": "0",
                            "ingress.1121567195.protocol": "udp",
                            "ingress.1121567195.security_groups.#": "0",
                            "ingress.1121567195.self": "true",
                            "ingress.1121567195.to_port": "9638",
                            "ingress.1600642177.cidr_blocks.#": "0",
                            "ingress.1600642177.description": "",
                            "ingress.1600642177.from_port": "9638",
                            "ingress.1600642177.ipv6_cidr_blocks.#": "0",
                            "ingress.1600642177.prefix_list_ids.#": "0",
                            "ingress.1600642177.protocol": "tcp",
                            "ingress.1600642177.security_groups.#": "0",
                            "ingress.1600642177.self": "true",
                            "ingress.1600642177.to_port": "9638",
                            "ingress.2689179775.cidr_blocks.#": "0",
                            "ingress.2689179775.description": "",
                            "ingress.2689179775.from_port": "27017",
                            "ingress.2689179775.ipv6_cidr_blocks.#": "0",
                            "ingress.2689179775.prefix_list_ids.#": "0",
                            "ingress.2689179775.protocol": "tcp",
                            "ingress.2689179775.security_groups.#": "0",
                            "ingress.2689179775.self": "true",
                            "ingress.2689179775.to_port": "27018",
                            "ingress.3347889323.cidr_blocks.#": "0",
                            "ingress.3347889323.description": "",
                            "ingress.3347889323.from_port": "8080",
                            "ingress.3347889323.ipv6_cidr_blocks.#": "0",
                            "ingress.3347889323.prefix_list_ids.#": "0",
                            "ingress.3347889323.protocol": "tcp",
                            "ingress.3347889323.security_groups.#": "0",
                            "ingress.3347889323.self": "true",
                            "ingress.3347889323.to_port": "8085",
                            "ingress.3840930176.cidr_blocks.#": "0",
                            "ingress.3840930176.description": "",
                            "ingress.3840930176.from_port": "9631",
                            "ingress.3840930176.ipv6_cidr_blocks.#": "0",
                            "ingress.3840930176.prefix_list_ids.#": "0",
                            "ingress.3840930176.protocol": "udp",
                            "ingress.3840930176.security_groups.#": "0",
                            "ingress.3840930176.self": "true",
                            "ingress.3840930176.to_port": "9631",
                            "ingress.4182895834.cidr_blocks.#": "0",
                            "ingress.4182895834.description": "",
                            "ingress.4182895834.from_port": "9631",
                            "ingress.4182895834.ipv6_cidr_blocks.#": "0",
                            "ingress.4182895834.prefix_list_ids.#": "0",
                            "ingress.4182895834.protocol": "tcp",
                            "ingress.4182895834.security_groups.#": "0",
                            "ingress.4182895834.self": "true",
                            "ingress.4182895834.to_port": "9631",
                            "name": "habitat_supervisor_fd9fc5d8",
                            "owner_id": "496323866215",
                            "revoke_rules_on_delete": "false",
                            "tags.%": "7",
                            "tags.Name": "aps-habitat_workshop_fd9fc5d8_habitat_workshop_security_group",
                            "tags.X-Application": "habitat_workshop",
                            "tags.X-Contact": "sford@chef.io",
                            "tags.X-Customer": "aps",
                            "tags.X-Dept": "sales",
                            "tags.X-Project": "habitat_workshop",
                            "tags.X-TTL": "4",
                            "vpc_id": "vpc-00f51263705df0dbb"
                        },
                        "meta": {
                            "e2bfb730-ecaa-11e6-8f88-34363bc7c4c0": {
                                "create": 600000000000,
                                "delete": 600000000000
                            },
                            "schema_version": "1"
                        },
                        "tainted": false
                    },
                    "deposed": [],
                    "provider": "provider.aws"
                },
                "aws_security_group.habitat_workshop": {
                    "type": "aws_security_group",
                    "depends_on": [
                        "aws_vpc.habitat_workshop_vpc",
                        "random_id.instance_id"
                    ],
                    "primary": {
                        "id": "sg-0f3c1c3286a434c8a",
                        "attributes": {
                            "arn": "arn:aws:ec2:us-west-2:496323866215:security-group/sg-0f3c1c3286a434c8a",
                            "description": "base rules for national parks demo",
                            "egress.#": "1",
                            "egress.482069346.cidr_blocks.#": "1",
                            "egress.482069346.cidr_blocks.0": "0.0.0.0/0",
                            "egress.482069346.description": "",
                            "egress.482069346.from_port": "0",
                            "egress.482069346.ipv6_cidr_blocks.#": "0",
                            "egress.482069346.prefix_list_ids.#": "0",
                            "egress.482069346.protocol": "-1",
                            "egress.482069346.security_groups.#": "0",
                            "egress.482069346.self": "false",
                            "egress.482069346.to_port": "0",
                            "id": "sg-0f3c1c3286a434c8a",
                            "ingress.#": "4",
                            "ingress.1431159451.cidr_blocks.#": "1",
                            "ingress.1431159451.cidr_blocks.0": "0.0.0.0/0",
                            "ingress.1431159451.description": "",
                            "ingress.1431159451.from_port": "8080",
                            "ingress.1431159451.ipv6_cidr_blocks.#": "0",
                            "ingress.1431159451.prefix_list_ids.#": "0",
                            "ingress.1431159451.protocol": "tcp",
                            "ingress.1431159451.security_groups.#": "0",
                            "ingress.1431159451.self": "false",
                            "ingress.1431159451.to_port": "8085",
                            "ingress.2541437006.cidr_blocks.#": "1",
                            "ingress.2541437006.cidr_blocks.0": "0.0.0.0/0",
                            "ingress.2541437006.description": "",
                            "ingress.2541437006.from_port": "22",
                            "ingress.2541437006.ipv6_cidr_blocks.#": "0",
                            "ingress.2541437006.prefix_list_ids.#": "0",
                            "ingress.2541437006.protocol": "tcp",
                            "ingress.2541437006.security_groups.#": "0",
                            "ingress.2541437006.self": "false",
                            "ingress.2541437006.to_port": "22",
                            "ingress.2801413825.cidr_blocks.#": "1",
                            "ingress.2801413825.cidr_blocks.0": "0.0.0.0/0",
                            "ingress.2801413825.description": "",
                            "ingress.2801413825.from_port": "9631",
                            "ingress.2801413825.ipv6_cidr_blocks.#": "0",
                            "ingress.2801413825.prefix_list_ids.#": "0",
                            "ingress.2801413825.protocol": "tcp",
                            "ingress.2801413825.security_groups.#": "0",
                            "ingress.2801413825.self": "false",
                            "ingress.2801413825.to_port": "9631",
                            "ingress.332570261.cidr_blocks.#": "1",
                            "ingress.332570261.cidr_blocks.0": "0.0.0.0/0",
                            "ingress.332570261.description": "",
                            "ingress.332570261.from_port": "8000",
                            "ingress.332570261.ipv6_cidr_blocks.#": "0",
                            "ingress.332570261.prefix_list_ids.#": "0",
                            "ingress.332570261.protocol": "tcp",
                            "ingress.332570261.security_groups.#": "0",
                            "ingress.332570261.self": "false",
                            "ingress.332570261.to_port": "8000",
                            "name": "habitat_workshop_fd9fc5d8",
                            "owner_id": "496323866215",
                            "revoke_rules_on_delete": "false",
                            "tags.%": "7",
                            "tags.Name": "aps-habitat_workshop_fd9fc5d8_habitat_workshop_security_group",
                            "tags.X-Application": "habitat_workshop",
                            "tags.X-Contact": "sford@chef.io",
                            "tags.X-Customer": "aps",
                            "tags.X-Dept": "sales",
                            "tags.X-Project": "habitat_workshop",
                            "tags.X-TTL": "4",
                            "vpc_id": "vpc-00f51263705df0dbb"
                        },
                        "meta": {
                            "e2bfb730-ecaa-11e6-8f88-34363bc7c4c0": {
                                "create": 600000000000,
                                "delete": 600000000000
                            },
                            "schema_version": "1"
                        },
                        "tainted": false
                    },
                    "deposed": [],
                    "provider": "provider.aws"
                },
                "aws_security_group_rule.ingress_9638_tcp": {
                    "type": "aws_security_group_rule",
                    "depends_on": [
                        "aws_security_group.habitat_supervisor"
                    ],
                    "primary": {
                        "id": "sgrule-1579033401",
                        "attributes": {
                            "cidr_blocks.#": "0",
                            "description": "",
                            "from_port": "9638",
                            "id": "sgrule-1579033401",
                            "ipv6_cidr_blocks.#": "0",
                            "prefix_list_ids.#": "0",
                            "protocol": "tcp",
                            "security_group_id": "sg-0b439e1c6b95c6623",
                            "self": "false",
                            "source_security_group_id": "sg-0b439e1c6b95c6623",
                            "to_port": "9638",
                            "type": "ingress"
                        },
                        "meta": {
                            "schema_version": "2"
                        },
                        "tainted": false
                    },
                    "deposed": [],
                    "provider": "provider.aws"
                },
                "aws_security_group_rule.ingress_allow_22_tcp_all": {
                    "type": "aws_security_group_rule",
                    "depends_on": [
                        "aws_security_group.habitat_workshop"
                    ],
                    "primary": {
                        "id": "sgrule-1427066802",
                        "attributes": {
                            "cidr_blocks.#": "1",
                            "cidr_blocks.0": "0.0.0.0/0",
                            "description": "",
                            "from_port": "22",
                            "id": "sgrule-1427066802",
                            "ipv6_cidr_blocks.#": "0",
                            "prefix_list_ids.#": "0",
                            "protocol": "tcp",
                            "security_group_id": "sg-0f3c1c3286a434c8a",
                            "self": "false",
                            "to_port": "22",
                            "type": "ingress"
                        },
                        "meta": {
                            "schema_version": "2"
                        },
                        "tainted": false
                    },
                    "deposed": [],
                    "provider": "provider.aws"
                },
                "aws_security_group_rule.ingress_allow_27017_tcp": {
                    "type": "aws_security_group_rule",
                    "depends_on": [
                        "aws_security_group.habitat_supervisor"
                    ],
                    "primary": {
                        "id": "sgrule-522541093",
                        "attributes": {
                            "cidr_blocks.#": "0",
                            "description": "",
                            "from_port": "27017",
                            "id": "sgrule-522541093",
                            "ipv6_cidr_blocks.#": "0",
                            "prefix_list_ids.#": "0",
                            "protocol": "tcp",
                            "security_group_id": "sg-0b439e1c6b95c6623",
                            "self": "false",
                            "source_security_group_id": "sg-0b439e1c6b95c6623",
                            "to_port": "27018",
                            "type": "ingress"
                        },
                        "meta": {
                            "schema_version": "2"
                        },
                        "tainted": false
                    },
                    "deposed": [],
                    "provider": "provider.aws"
                },
                "aws_security_group_rule.ingress_allow_8000_tcp_all": {
                    "type": "aws_security_group_rule",
                    "depends_on": [
                        "aws_security_group.habitat_workshop"
                    ],
                    "primary": {
                        "id": "sgrule-1019375945",
                        "attributes": {
                            "cidr_blocks.#": "1",
                            "cidr_blocks.0": "0.0.0.0/0",
                            "description": "",
                            "from_port": "8000",
                            "id": "sgrule-1019375945",
                            "ipv6_cidr_blocks.#": "0",
                            "prefix_list_ids.#": "0",
                            "protocol": "tcp",
                            "security_group_id": "sg-0f3c1c3286a434c8a",
                            "self": "false",
                            "to_port": "8000",
                            "type": "ingress"
                        },
                        "meta": {
                            "schema_version": "2"
                        },
                        "tainted": false
                    },
                    "deposed": [],
                    "provider": "provider.aws"
                },
                "aws_security_group_rule.ingress_allow_8080_8085_tcp": {
                    "type": "aws_security_group_rule",
                    "depends_on": [
                        "aws_security_group.habitat_supervisor"
                    ],
                    "primary": {
                        "id": "sgrule-2951326877",
                        "attributes": {
                            "cidr_blocks.#": "0",
                            "description": "",
                            "from_port": "8080",
                            "id": "sgrule-2951326877",
                            "ipv6_cidr_blocks.#": "0",
                            "prefix_list_ids.#": "0",
                            "protocol": "tcp",
                            "security_group_id": "sg-0b439e1c6b95c6623",
                            "self": "false",
                            "source_security_group_id": "sg-0b439e1c6b95c6623",
                            "to_port": "8085",
                            "type": "ingress"
                        },
                        "meta": {
                            "schema_version": "2"
                        },
                        "tainted": false
                    },
                    "deposed": [],
                    "provider": "provider.aws"
                },
                "aws_security_group_rule.ingress_allow_8080_tcp_all": {
                    "type": "aws_security_group_rule",
                    "depends_on": [
                        "aws_security_group.habitat_workshop"
                    ],
                    "primary": {
                        "id": "sgrule-3231451015",
                        "attributes": {
                            "cidr_blocks.#": "1",
                            "cidr_blocks.0": "0.0.0.0/0",
                            "description": "",
                            "from_port": "8080",
                            "id": "sgrule-3231451015",
                            "ipv6_cidr_blocks.#": "0",
                            "prefix_list_ids.#": "0",
                            "protocol": "tcp",
                            "security_group_id": "sg-0f3c1c3286a434c8a",
                            "self": "false",
                            "to_port": "8085",
                            "type": "ingress"
                        },
                        "meta": {
                            "schema_version": "2"
                        },
                        "tainted": false
                    },
                    "deposed": [],
                    "provider": "provider.aws"
                },
                "aws_security_group_rule.ingress_allow_9631_tcp": {
                    "type": "aws_security_group_rule",
                    "depends_on": [
                        "aws_security_group.habitat_supervisor"
                    ],
                    "primary": {
                        "id": "sgrule-2124499503",
                        "attributes": {
                            "cidr_blocks.#": "0",
                            "description": "",
                            "from_port": "9631",
                            "id": "sgrule-2124499503",
                            "ipv6_cidr_blocks.#": "0",
                            "prefix_list_ids.#": "0",
                            "protocol": "tcp",
                            "security_group_id": "sg-0b439e1c6b95c6623",
                            "self": "false",
                            "source_security_group_id": "sg-0b439e1c6b95c6623",
                            "to_port": "9631",
                            "type": "ingress"
                        },
                        "meta": {
                            "schema_version": "2"
                        },
                        "tainted": false
                    },
                    "deposed": [],
                    "provider": "provider.aws"
                },
                "aws_security_group_rule.ingress_allow_9631_tcp_all": {
                    "type": "aws_security_group_rule",
                    "depends_on": [
                        "aws_security_group.habitat_workshop"
                    ],
                    "primary": {
                        "id": "sgrule-695529405",
                        "attributes": {
                            "cidr_blocks.#": "1",
                            "cidr_blocks.0": "0.0.0.0/0",
                            "description": "",
                            "from_port": "9631",
                            "id": "sgrule-695529405",
                            "ipv6_cidr_blocks.#": "0",
                            "prefix_list_ids.#": "0",
                            "protocol": "tcp",
                            "security_group_id": "sg-0f3c1c3286a434c8a",
                            "self": "false",
                            "to_port": "9631",
                            "type": "ingress"
                        },
                        "meta": {
                            "schema_version": "2"
                        },
                        "tainted": false
                    },
                    "deposed": [],
                    "provider": "provider.aws"
                },
                "aws_security_group_rule.ingress_allow_9631_udp": {
                    "type": "aws_security_group_rule",
                    "depends_on": [
                        "aws_security_group.habitat_supervisor"
                    ],
                    "primary": {
                        "id": "sgrule-3674139072",
                        "attributes": {
                            "cidr_blocks.#": "0",
                            "description": "",
                            "from_port": "9631",
                            "id": "sgrule-3674139072",
                            "ipv6_cidr_blocks.#": "0",
                            "prefix_list_ids.#": "0",
                            "protocol": "udp",
                            "security_group_id": "sg-0b439e1c6b95c6623",
                            "self": "false",
                            "source_security_group_id": "sg-0b439e1c6b95c6623",
                            "to_port": "9631",
                            "type": "ingress"
                        },
                        "meta": {
                            "schema_version": "2"
                        },
                        "tainted": false
                    },
                    "deposed": [],
                    "provider": "provider.aws"
                },
                "aws_security_group_rule.ingress_allow_9638_udp": {
                    "type": "aws_security_group_rule",
                    "depends_on": [
                        "aws_security_group.habitat_supervisor"
                    ],
                    "primary": {
                        "id": "sgrule-4198596822",
                        "attributes": {
                            "cidr_blocks.#": "0",
                            "description": "",
                            "from_port": "9638",
                            "id": "sgrule-4198596822",
                            "ipv6_cidr_blocks.#": "0",
                            "prefix_list_ids.#": "0",
                            "protocol": "udp",
                            "security_group_id": "sg-0b439e1c6b95c6623",
                            "self": "false",
                            "source_security_group_id": "sg-0b439e1c6b95c6623",
                            "to_port": "9638",
                            "type": "ingress"
                        },
                        "meta": {
                            "schema_version": "2"
                        },
                        "tainted": false
                    },
                    "deposed": [],
                    "provider": "provider.aws"
                },
                "aws_security_group_rule.linux_egress_allow_0-65535_all": {
                    "type": "aws_security_group_rule",
                    "depends_on": [
                        "aws_security_group.habitat_workshop"
                    ],
                    "primary": {
                        "id": "sgrule-3446728538",
                        "attributes": {
                            "cidr_blocks.#": "1",
                            "cidr_blocks.0": "0.0.0.0/0",
                            "description": "",
                            "from_port": "0",
                            "id": "sgrule-3446728538",
                            "ipv6_cidr_blocks.#": "0",
                            "prefix_list_ids.#": "0",
                            "protocol": "-1",
                            "security_group_id": "sg-0f3c1c3286a434c8a",
                            "self": "false",
                            "to_port": "0",
                            "type": "egress"
                        },
                        "meta": {
                            "schema_version": "2"
                        },
                        "tainted": false
                    },
                    "deposed": [],
                    "provider": "provider.aws"
                },
                "aws_subnet.habitat_workshop_subnet": {
                    "type": "aws_subnet",
                    "depends_on": [
                        "aws_vpc.habitat_workshop_vpc"
                    ],
                    "primary": {
                        "id": "subnet-032a1e344197199f9",
                        "attributes": {
                            "arn": "arn:aws:ec2:us-west-2:496323866215:subnet/subnet-032a1e344197199f9",
                            "assign_ipv6_address_on_creation": "false",
                            "availability_zone": "us-west-2a",
                            "availability_zone_id": "usw2-az1",
                            "cidr_block": "10.0.1.0/24",
                            "id": "subnet-032a1e344197199f9",
                            "ipv6_cidr_block": "",
                            "ipv6_cidr_block_association_id": "",
                            "map_public_ip_on_launch": "true",
                            "owner_id": "496323866215",
                            "tags.%": "1",
                            "tags.Name": "scottford_habitat_workshop_subnet-habitat_workshop",
                            "vpc_id": "vpc-00f51263705df0dbb"
                        },
                        "meta": {
                            "e2bfb730-ecaa-11e6-8f88-34363bc7c4c0": {
                                "create": 600000000000,
                                "delete": 600000000000
                            },
                            "schema_version": "1"
                        },
                        "tainted": false
                    },
                    "deposed": [],
                    "provider": "provider.aws"
                },
                "aws_vpc.habitat_workshop_vpc": {
                    "type": "aws_vpc",
                    "depends_on": [],
                    "primary": {
                        "id": "vpc-00f51263705df0dbb",
                        "attributes": {
                            "arn": "arn:aws:ec2:us-west-2:496323866215:vpc/vpc-00f51263705df0dbb",
                            "assign_generated_ipv6_cidr_block": "false",
                            "cidr_block": "10.0.0.0/16",
                            "default_network_acl_id": "acl-09903fb257be9722d",
                            "default_route_table_id": "rtb-07b92a5451772c57c",
                            "default_security_group_id": "sg-08c1270c34fb36520",
                            "dhcp_options_id": "dopt-90b951f5",
                            "enable_classiclink": "false",
                            "enable_classiclink_dns_support": "false",
                            "enable_dns_hostnames": "false",
                            "enable_dns_support": "true",
                            "id": "vpc-00f51263705df0dbb",
                            "instance_tenancy": "default",
                            "ipv6_association_id": "",
                            "ipv6_cidr_block": "",
                            "main_route_table_id": "rtb-07b92a5451772c57c",
                            "owner_id": "496323866215",
                            "tags.%": "7",
                            "tags.Name": "scottford-vpc",
                            "tags.X-Application": "habitat_workshop",
                            "tags.X-Contact": "sford@chef.io",
                            "tags.X-Customer": "aps",
                            "tags.X-Dept": "sales",
                            "tags.X-Project": "habitat_workshop",
                            "tags.X-TTL": "4"
                        },
                        "meta": {
                            "schema_version": "1"
                        },
                        "tainted": false
                    },
                    "deposed": [],
                    "provider": "provider.aws"
                },
                "data.aws_ami.centos": {
                    "type": "aws_ami",
                    "depends_on": [],
                    "primary": {
                        "id": "ami-036e109f5a4019f46",
                        "attributes": {
                            "architecture": "x86_64",
                            "block_device_mappings.#": "1",
                            "block_device_mappings.1270490221.device_name": "/dev/sda1",
                            "block_device_mappings.1270490221.ebs.%": "6",
                            "block_device_mappings.1270490221.ebs.delete_on_termination": "false",
                            "block_device_mappings.1270490221.ebs.encrypted": "false",
                            "block_device_mappings.1270490221.ebs.iops": "0",
                            "block_device_mappings.1270490221.ebs.snapshot_id": "snap-079acd0eead69eb0a",
                            "block_device_mappings.1270490221.ebs.volume_size": "8",
                            "block_device_mappings.1270490221.ebs.volume_type": "gp2",
                            "block_device_mappings.1270490221.no_device": "",
                            "block_device_mappings.1270490221.virtual_name": "",
                            "creation_date": "2019-04-26T22:28:48.000Z",
                            "filter.#": "2",
                            "filter.4181000792.name": "name",
                            "filter.4181000792.values.#": "1",
                            "filter.4181000792.values.0": "CentOS 7 - hab*",
                            "filter.490168357.name": "virtualization-type",
                            "filter.490168357.values.#": "1",
                            "filter.490168357.values.0": "hvm",
                            "hypervisor": "xen",
                            "id": "ami-036e109f5a4019f46",
                            "image_id": "ami-036e109f5a4019f46",
                            "image_location": "496323866215/CentOS 7 - hab 0.79.1 - 20190426222418",
                            "image_type": "machine",
                            "most_recent": "true",
                            "name": "CentOS 7 - hab 0.79.1 - 20190426222418",
                            "owner_id": "496323866215",
                            "owners.#": "1",
                            "owners.0": "496323866215",
                            "product_codes.#": "1",
                            "product_codes.347650389.product_code_id": "aw0evgkw8e5c1q413zgy5pjce",
                            "product_codes.347650389.product_code_type": "marketplace",
                            "public": "false",
                            "root_device_name": "/dev/sda1",
                            "root_device_type": "ebs",
                            "root_snapshot_id": "snap-079acd0eead69eb0a",
                            "sriov_net_support": "simple",
                            "state": "available",
                            "state_reason.%": "2",
                            "state_reason.code": "UNSET",
                            "state_reason.message": "UNSET",
                            "tags.%": "0",
                            "virtualization_type": "hvm"
                        },
                        "meta": {},
                        "tainted": false
                    },
                    "deposed": [],
                    "provider": "provider.aws"
                },
                "random_id.instance_id": {
                    "type": "random_id",
                    "depends_on": [],
                    "primary": {
                        "id": "_Z_F2A",
                        "attributes": {
                            "b64": "_Z_F2A",
                            "b64_std": "/Z/F2A==",
                            "b64_url": "_Z_F2A",
                            "byte_length": "4",
                            "dec": "4255106520",
                            "hex": "fd9fc5d8",
                            "id": "_Z_F2A"
                        },
                        "meta": {},
                        "tainted": false
                    },
                    "deposed": [],
                    "provider": "provider.random"
                }
            },
            "depends_on": []
        }
    ]
}
